
Microsoft Visual Studio Solution File, Format Version 12.00
# Visual Studio Version 17
VisualStudioVersion = 17.2.32630.192
MinimumVisualStudioVersion = 10.0.40219.1
Project("{FAE04EC0-301F-11D3-BF4B-00C04F79EFBC}") = "ConsoleApp", "ConsoleApp\ConsoleApp.csproj", "{E3165D64-2941-4DE6-8598-3CEDB0E58B4D}"
EndProject
Project("{FAE04EC0-301F-11D3-BF4B-00C04F79EFBC}") = "UnitTestProject", "UnitTestProject\UnitTestProject.csproj", "{9E248A5F-3E23-4CDC-8A27-AC5C16CDC018}"
EndProject
Global
	GlobalSection(SolutionConfigurationPlatforms) = preSolution
		Debug|Any CPU = Debug|Any CPU
		Release|Any CPU = Release|Any CPU
	EndGlobalSection
	GlobalSection(ProjectConfigurationPlatforms) = postSolution
		{E3165D64-2941-4DE6-8598-3CEDB0E58B4D}.Debug|Any CPU.ActiveCfg = Debug|Any CPU
		{E3165D64-2941-4DE6-8598-3CEDB0E58B4D}.Debug|Any CPU.Build.0 = Debug|Any CPU
		{E3165D64-2941-4DE6-8598-3CEDB0E58B4D}.Release|Any CPU.ActiveCfg = Release|Any CPU
		{E3165D64-2941-4DE6-8598-3CEDB0E58B4D}.Release|Any CPU.Build.0 = Release|Any CPU
		{9E248A5F-3E23-4CDC-8A27-AC5C16CDC018}.Debug|Any CPU.ActiveCfg = Debug|Any CPU
		{9E248A5F-3E23-4CDC-8A27-AC5C16CDC018}.Debug|Any CPU.Build.0 = Debug|Any CPU
		{9E248A5F-3E23-4CDC-8A27-AC5C16CDC018}.Release|Any CPU.ActiveCfg = Release|Any CPU
		{9E248A5F-3E23-4CDC-8A27-AC5C16CDC018}.Release|Any CPU.Build.0 = Release|Any CPU
	EndGlobalSection
	GlobalSection(SolutionProperties) = preSolution
		HideSolutionNode = FALSE
	EndGlobalSection
	GlobalSection(ExtensibilityGlobals) = postSolution
		SolutionGuid = {C63961DD-5187-425A-B694-94F1984E0816}
	EndGlobalSection
EndGlobal
